hash: cb1d668938e531afcb97c4eba0a289d492f1f086de108ba1746b847e3b2258f2
updated: 2018-11-11T16:27:37.061187+05:30
imports:
- name: github.com/ashwanthkumar/slack-go-webhook
  version: 58b9a44feb242f0ced1a85304b1b6af57b770234
- name: github.com/ashwanthkumar/wasp-cli
  version: dc83b9b0243a3b6c6e64b987bc7695bd63988c80
  subpackages:
  - client
  - util
- name: github.com/buger/jsonparser
  version: 52c6e1462ebdfb4f59765ca13bd8fa1c31b1d7eb
- name: github.com/gin-gonic/gin
  version: b869fe1415e4b9eb52f247441830d502aece2d4d
- name: github.com/moul/http2curl
  version: 9ac6cf4d929b2fa8fd2d2e6dec5bb0feb4f4911d
- name: github.com/parnurzeal/gorequest
  version: a578a48e8d6ca8b01a3b18314c43c6716bb5f5a3
- name: github.com/pkg/errors
  version: 059132a15dd08d6704c67711dae0cf35ab991756
- name: github.com/stretchr/testify
  version: f35b8ab0b5a2cef36673838d662e249dd9c94686
  subpackages:
  - assert
- name: golang.org/x/net
  version: 0744d001aa8470aaa53df28d32e5ceeb8af9bd70
  subpackages:
  - publicsuffix
testImports: []
